
Microsoft Visual Studio Solution File, Format Version 12.00
# Visual Studio 15
VisualStudioVersion = 15.0.27703.2026
MinimumVisualStudioVersion = 10.0.40219.1
Project("{FAE04EC0-301F-11D3-BF4B-00C04F79EFBC}") = "TP_Chap5_Part5", "TP_Chap5_Part5\TP_Chap5_Part5.csproj", "{88494B6D-0ADF-454D-A1BD-FA54BC30B9AF}"
EndProject
Global
	GlobalSection(SolutionConfigurationPlatforms) = preSolution
		Debug|Any CPU = Debug|Any CPU
		Release|Any CPU = Release|Any CPU
	EndGlobalSection
	GlobalSection(ProjectConfigurationPlatforms) = postSolution
		{88494B6D-0ADF-454D-A1BD-FA54BC30B9AF}.Debug|Any CPU.ActiveCfg = Debug|Any CPU
		{88494B6D-0ADF-454D-A1BD-FA54BC30B9AF}.Debug|Any CPU.Build.0 = Debug|Any CPU
		{88494B6D-0ADF-454D-A1BD-FA54BC30B9AF}.Release|Any CPU.ActiveCfg = Release|Any CPU
		{88494B6D-0ADF-454D-A1BD-FA54BC30B9AF}.Release|Any CPU.Build.0 = Release|Any CPU
	EndGlobalSection
	GlobalSection(SolutionProperties) = preSolution
		HideSolutionNode = FALSE
	EndGlobalSection
	GlobalSection(ExtensibilityGlobals) = postSolution
		SolutionGuid = {2EC6875B-7ACA-434F-8F17-1777DFCB23EA}
	EndGlobalSection
EndGlobal
